
Microsoft Visual Studio Solution File, Format Version 12.00
# Visual Studio Version 17
VisualStudioVersion = 17.9.34616.47
MinimumVisualStudioVersion = 10.0.40219.1
Project("{FAE04EC0-301F-11D3-BF4B-00C04F79EFBC}") = "ConfigBuilder", "ConfigBuilder.csproj", "{96AB9363-CC83-4033-BD6B-8D470C0AA321}"
EndProject
Global
	GlobalSection(SolutionConfigurationPlatforms) = preSolution
		Debug|Any CPU = Debug|Any CPU
		Release|Any CPU = Release|Any CPU
	EndGlobalSection
	GlobalSection(ProjectConfigurationPlatforms) = postSolution
		{96AB9363-CC83-4033-BD6B-8D470C0AA321}.Debug|Any CPU.ActiveCfg = Debug|Any CPU
		{96AB9363-CC83-4033-BD6B-8D470C0AA321}.Debug|Any CPU.Build.0 = Debug|Any CPU
		{96AB9363-CC83-4033-BD6B-8D470C0AA321}.Release|Any CPU.ActiveCfg = Release|Any CPU
		{96AB9363-CC83-4033-BD6B-8D470C0AA321}.Release|Any CPU.Build.0 = Release|Any CPU
	EndGlobalSection
	GlobalSection(SolutionProperties) = preSolution
		HideSolutionNode = FALSE
	EndGlobalSection
	GlobalSection(ExtensibilityGlobals) = postSolution
		SolutionGuid = {171DAC61-A9D6-4124-B258-2D15A7A57C7E}
	EndGlobalSection
EndGlobal
